
Microsoft Visual Studio Solution File, Format Version 12.00
# Visual Studio Version 17
VisualStudioVersion = 17.11.35303.130
MinimumVisualStudioVersion = 10.0.40219.1
Project("{2150E333-8FDC-42A3-9474-1A3956D46DE8}") = "src", "src", "{830C4E68-FAAF-4C6A-BEF8-FF110491EA75}"
EndProject
Project("{9A19103F-16F7-4668-BE54-9A1E7A4F7556}") = "Lorien.Api", "src\Lorien.Api\Lorien.Api.csproj", "{27E0DDFB-E6F4-474B-99CB-DE586DD1E7F2}"
EndProject
Project("{2150E333-8FDC-42A3-9474-1A3956D46DE8}") = "test", "test", "{28974BEB-1A3B-4313-B927-E46AFE27115E}"
EndProject
Project("{9A19103F-16F7-4668-BE54-9A1E7A4F7556}") = "Lorien.Tests.Unit", "test\Lorien.Tests.Unit\Lorien.Tests.Unit.csproj", "{E9C36A25-13CC-46E0-ABE3-CAAD71533FB9}"
EndProject
Project("{9A19103F-16F7-4668-BE54-9A1E7A4F7556}") = "Lorien.Application", "src\Lorien.Application\Lorien.Application.csproj", "{1C787535-7D58-46CB-AF19-8C2A57AFEBC2}"
EndProject
Project("{9A19103F-16F7-4668-BE54-9A1E7A4F7556}") = "Lorien.Domain", "src\Lorien.Domain\Lorien.Domain.csproj", "{D2CD29E7-2585-40DD-8D3F-41E1A1810F1C}"
EndProject
Project("{9A19103F-16F7-4668-BE54-9A1E7A4F7556}") = "Lorien.Infrastructure", "src\Lorien.Infrastructure\Lorien.Infrastructure.csproj", "{6B32C97B-EE2B-4B24-AB47-64D0862D837E}"
EndProject
Project("{2150E333-8FDC-42A3-9474-1A3956D46DE8}") = "Crosscutting", "Crosscutting", "{B0536848-CCD5-45D8-8E14-A4FD5C533B8F}"
EndProject
Project("{FAE04EC0-301F-11D3-BF4B-00C04F79EFBC}") = "Lorien.Configuration", "src\Crosscutting\Lorien.Configuration\Lorien.Configuration.csproj", "{BC8898D7-C2EE-45F3-A92E-257AEB64F658}"
EndProject
Project("{FAE04EC0-301F-11D3-BF4B-00C04F79EFBC}") = "Lorien.IoC", "src\Crosscutting\Lorien.IoC\Lorien.IoC.csproj", "{C3524656-5A1E-44DA-8219-5CEC62A890E4}"
EndProject
Global
	GlobalSection(SolutionConfigurationPlatforms) = preSolution
		Debug|Any CPU = Debug|Any CPU
		Release|Any CPU = Release|Any CPU
	EndGlobalSection
	GlobalSection(ProjectConfigurationPlatforms) = postSolution
		{27E0DDFB-E6F4-474B-99CB-DE586DD1E7F2}.Debug|Any CPU.ActiveCfg = Debug|Any CPU
		{27E0DDFB-E6F4-474B-99CB-DE586DD1E7F2}.Debug|Any CPU.Build.0 = Debug|Any CPU
		{27E0DDFB-E6F4-474B-99CB-DE586DD1E7F2}.Release|Any CPU.ActiveCfg = Release|Any CPU
		{27E0DDFB-E6F4-474B-99CB-DE586DD1E7F2}.Release|Any CPU.Build.0 = Release|Any CPU
		{E9C36A25-13CC-46E0-ABE3-CAAD71533FB9}.Debug|Any CPU.ActiveCfg = Debug|Any CPU
		{E9C36A25-13CC-46E0-ABE3-CAAD71533FB9}.Debug|Any CPU.Build.0 = Debug|Any CPU
		{E9C36A25-13CC-46E0-ABE3-CAAD71533FB9}.Release|Any CPU.ActiveCfg = Release|Any CPU
		{E9C36A25-13CC-46E0-ABE3-CAAD71533FB9}.Release|Any CPU.Build.0 = Release|Any CPU
		{1C787535-7D58-46CB-AF19-8C2A57AFEBC2}.Debug|Any CPU.ActiveCfg = Debug|Any CPU
		{1C787535-7D58-46CB-AF19-8C2A57AFEBC2}.Debug|Any CPU.Build.0 = Debug|Any CPU
		{1C787535-7D58-46CB-AF19-8C2A57AFEBC2}.Release|Any CPU.ActiveCfg = Release|Any CPU
		{1C787535-7D58-46CB-AF19-8C2A57AFEBC2}.Release|Any CPU.Build.0 = Release|Any CPU
		{D2CD29E7-2585-40DD-8D3F-41E1A1810F1C}.Debug|Any CPU.ActiveCfg = Debug|Any CPU
		{D2CD29E7-2585-40DD-8D3F-41E1A1810F1C}.Debug|Any CPU.Build.0 = Debug|Any CPU
		{D2CD29E7-2585-40DD-8D3F-41E1A1810F1C}.Release|Any CPU.ActiveCfg = Release|Any CPU
		{D2CD29E7-2585-40DD-8D3F-41E1A1810F1C}.Release|Any CPU.Build.0 = Release|Any CPU
		{6B32C97B-EE2B-4B24-AB47-64D0862D837E}.Debug|Any CPU.ActiveCfg = Debug|Any CPU
		{6B32C97B-EE2B-4B24-AB47-64D0862D837E}.Debug|Any CPU.Build.0 = Debug|Any CPU
		{6B32C97B-EE2B-4B24-AB47-64D0862D837E}.Release|Any CPU.ActiveCfg = Release|Any CPU
		{6B32C97B-EE2B-4B24-AB47-64D0862D837E}.Release|Any CPU.Build.0 = Release|Any CPU
		{BC8898D7-C2EE-45F3-A92E-257AEB64F658}.Debug|Any CPU.ActiveCfg = Debug|Any CPU
		{BC8898D7-C2EE-45F3-A92E-257AEB64F658}.Debug|Any CPU.Build.0 = Debug|Any CPU
		{BC8898D7-C2EE-45F3-A92E-257AEB64F658}.Release|Any CPU.ActiveCfg = Release|Any CPU
		{BC8898D7-C2EE-45F3-A92E-257AEB64F658}.Release|Any CPU.Build.0 = Release|Any CPU
		{C3524656-5A1E-44DA-8219-5CEC62A890E4}.Debug|Any CPU.ActiveCfg = Debug|Any CPU
		{C3524656-5A1E-44DA-8219-5CEC62A890E4}.Debug|Any CPU.Build.0 = Debug|Any CPU
		{C3524656-5A1E-44DA-8219-5CEC62A890E4}.Release|Any CPU.ActiveCfg = Release|Any CPU
		{C3524656-5A1E-44DA-8219-5CEC62A890E4}.Release|Any CPU.Build.0 = Release|Any CPU
	EndGlobalSection
	GlobalSection(SolutionProperties) = preSolution
		HideSolutionNode = FALSE
	EndGlobalSection
	GlobalSection(NestedProjects) = preSolution
		{27E0DDFB-E6F4-474B-99CB-DE586DD1E7F2} = {830C4E68-FAAF-4C6A-BEF8-FF110491EA75}
		{E9C36A25-13CC-46E0-ABE3-CAAD71533FB9} = {28974BEB-1A3B-4313-B927-E46AFE27115E}
		{1C787535-7D58-46CB-AF19-8C2A57AFEBC2} = {830C4E68-FAAF-4C6A-BEF8-FF110491EA75}
		{D2CD29E7-2585-40DD-8D3F-41E1A1810F1C} = {830C4E68-FAAF-4C6A-BEF8-FF110491EA75}
		{6B32C97B-EE2B-4B24-AB47-64D0862D837E} = {830C4E68-FAAF-4C6A-BEF8-FF110491EA75}
		{B0536848-CCD5-45D8-8E14-A4FD5C533B8F} = {830C4E68-FAAF-4C6A-BEF8-FF110491EA75}
		{BC8898D7-C2EE-45F3-A92E-257AEB64F658} = {B0536848-CCD5-45D8-8E14-A4FD5C533B8F}
		{C3524656-5A1E-44DA-8219-5CEC62A890E4} = {B0536848-CCD5-45D8-8E14-A4FD5C533B8F}
	EndGlobalSection
	GlobalSection(ExtensibilityGlobals) = postSolution
		SolutionGuid = {37C1F267-AFF5-4AC6-915F-117CCFA3AECD}
	EndGlobalSection
EndGlobal
